{
  "object": {
    "pins": [
      {
        "package": "PubNub",
        "repositoryURL": "https://github.com/pubnub/swift.git",
        "state": {
          "branch": null,
          "revision": "2cea0c0b3b510b86eeb5565dce944cedc884a33a",
          "version": "3.0.1"
        }
      }
    ]
  },
  "version": 1
}
